<?xml version="1.0" encoding="UTF-8" standalone="yes" ?>
<CodeBlocks_project_file>
	<FileVersion major="1" minor="6" />
	<Project>
		<Option title="PROIECT_POO_Blasciuc_3214a" />
		<Option pch_mode="2" />
		<Option compiler="gcc" />
		<Build>
			<Target title="Debug">
				<Option output="bin/Debug/PROIECT_POO_Blasciuc_3214a" prefix_auto="1" extension_auto="1" />
				<Option object_output="obj/Debug/" />
				<Option type="1" />
				<Option compiler="gcc" />
				<Compiler>
					<Add option="-g" />
				</Compiler>
			</Target>
			<Target title="Release">
				<Option output="bin/Release/PROIECT_POO_Blasciuc_3214a" prefix_auto="1" extension_auto="1" />
				<Option object_output="obj/Release/" />
				<Option type="1" />
				<Option compiler="gcc" />
				<Compiler>
					<Add option="-O2" />
				</Compiler>
				<Linker>
					<Add option="-s" />
				</Linker>
			</Target>
		</Build>
		<Compiler>
			<Add option="-Wall" />
			<Add option="-fexceptions" />
		</Compiler>
		<Unit filename="Medic_in.txt" />
		<Unit filename="Medic_out.txt" />
		<Unit filename="Medicament.cpp" />
		<Unit filename="Medicament.h" />
		<Unit filename="Nomenclator.cpp" />
		<Unit filename="Nomenclator.h" />
		<Unit filename="bon.txt" />
		<Unit filename="client.cpp" />
		<Unit filename="client.h" />
		<Unit filename="clienti_abonati.txt" />
		<Unit filename="farmacist.cpp" />
		<Unit filename="farmacist.h" />
		<Unit filename="main.cpp" />
		<Unit filename="persoana.cpp" />
		<Unit filename="persoana.h" />
		<Unit filename="user_parola.txt" />
		<Extensions>
			<code_completion />
			<envvars />
			<debugger />
			<lib_finder disable_auto="1" />
		</Extensions>
	</Project>
</CodeBlocks_project_file>
